
Microsoft Visual Studio Solution File, Format Version 12.00
# Visual Studio Version 17
VisualStudioVersion = 17.11.35327.3
MinimumVisualStudioVersion = 10.0.40219.1
Project("{FAE04EC0-301F-11D3-BF4B-00C04F79EFBC}") = "IGame2", "IGame2\IGame2.csproj", "{608C84A7-D2F2-44CD-AAFC-A79AF6D0E105}"
EndProject
Global
	GlobalSection(SolutionConfigurationPlatforms) = preSolution
		Debug|Any CPU = Debug|Any CPU
		Release|Any CPU = Release|Any CPU
	EndGlobalSection
	GlobalSection(ProjectConfigurationPlatforms) = postSolution
		{608C84A7-D2F2-44CD-AAFC-A79AF6D0E105}.Debug|Any CPU.ActiveCfg = Debug|Any CPU
		{608C84A7-D2F2-44CD-AAFC-A79AF6D0E105}.Debug|Any CPU.Build.0 = Debug|Any CPU
		{608C84A7-D2F2-44CD-AAFC-A79AF6D0E105}.Release|Any CPU.ActiveCfg = Release|Any CPU
		{608C84A7-D2F2-44CD-AAFC-A79AF6D0E105}.Release|Any CPU.Build.0 = Release|Any CPU
	EndGlobalSection
	GlobalSection(SolutionProperties) = preSolution
		HideSolutionNode = FALSE
	EndGlobalSection
	GlobalSection(ExtensibilityGlobals) = postSolution
		SolutionGuid = {C16CB155-10F6-44A6-8398-FC773AB24206}
	EndGlobalSection
EndGlobal
